# This file was autogenerated by Stack.
# You should not edit this file by hand.
# For more information, please see the documentation at:
#   https://docs.haskellstack.org/en/stable/lock_files

packages: []
snapshots:
- completed:
    size: 543560
    url: https://raw.githubusercontent.com/commercialhaskell/stackage-snapshots/master/nightly/2020/10/28.yaml
    sha256: e6926f04392e58a8ac3745cfa05b48392f38934a0dbec4dcf408e201f9584560
  original: nightly-2020-10-28
